
Microsoft Visual Studio Solution File, Format Version 12.00
# Visual Studio Version 16
VisualStudioVersion = 16.0.29306.81
MinimumVisualStudioVersion = 10.0.40219.1
Project("{FAE04EC0-301F-11D3-BF4B-00C04F79EFBC}") = "MarsLander1Game", "MarsLander1Game.csproj", "{740510C0-530C-401A-99C8-55EA42AB8C08}"
EndProject
Global
	GlobalSection(SolutionConfigurationPlatforms) = preSolution
		Debug|Any CPU = Debug|Any CPU
		Release|Any CPU = Release|Any CPU
	EndGlobalSection
	GlobalSection(ProjectConfigurationPlatforms) = postSolution
		{740510C0-530C-401A-99C8-55EA42AB8C08}.Debug|Any CPU.ActiveCfg = Debug|Any CPU
		{740510C0-530C-401A-99C8-55EA42AB8C08}.Debug|Any CPU.Build.0 = Debug|Any CPU
		{740510C0-530C-401A-99C8-55EA42AB8C08}.Release|Any CPU.ActiveCfg = Release|Any CPU
		{740510C0-530C-401A-99C8-55EA42AB8C08}.Release|Any CPU.Build.0 = Release|Any CPU
	EndGlobalSection
	GlobalSection(SolutionProperties) = preSolution
		HideSolutionNode = FALSE
	EndGlobalSection
	GlobalSection(ExtensibilityGlobals) = postSolution
		SolutionGuid = {6C971C2D-1673-415D-9846-5C1709D07A66}
	EndGlobalSection
EndGlobal
