
Microsoft Visual Studio Solution File, Format Version 12.00
# Visual Studio Version 16
VisualStudioVersion = 16.0.29306.81
MinimumVisualStudioVersion = 10.0.40219.1
Project("{FAE04EC0-301F-11D3-BF4B-00C04F79EFBC}") = "Apples exercise", "Apples exercise.csproj", "{12CDEFE4-10E5-45C8-B0EF-9AE3E88C334D}"
EndProject
Project("{FAE04EC0-301F-11D3-BF4B-00C04F79EFBC}") = "XUnitTestProject1", "..\XUnitTestProject1\XUnitTestProject1.csproj", "{60740419-1A20-4042-9F44-3847BC600F44}"
EndProject
Global
	GlobalSection(SolutionConfigurationPlatforms) = preSolution
		Debug|Any CPU = Debug|Any CPU
		Release|Any CPU = Release|Any CPU
	EndGlobalSection
	GlobalSection(ProjectConfigurationPlatforms) = postSolution
		{12CDEFE4-10E5-45C8-B0EF-9AE3E88C334D}.Debug|Any CPU.ActiveCfg = Debug|Any CPU
		{12CDEFE4-10E5-45C8-B0EF-9AE3E88C334D}.Debug|Any CPU.Build.0 = Debug|Any CPU
		{12CDEFE4-10E5-45C8-B0EF-9AE3E88C334D}.Release|Any CPU.ActiveCfg = Release|Any CPU
		{12CDEFE4-10E5-45C8-B0EF-9AE3E88C334D}.Release|Any CPU.Build.0 = Release|Any CPU
		{60740419-1A20-4042-9F44-3847BC600F44}.Debug|Any CPU.ActiveCfg = Debug|Any CPU
		{60740419-1A20-4042-9F44-3847BC600F44}.Debug|Any CPU.Build.0 = Debug|Any CPU
		{60740419-1A20-4042-9F44-3847BC600F44}.Release|Any CPU.ActiveCfg = Release|Any CPU
		{60740419-1A20-4042-9F44-3847BC600F44}.Release|Any CPU.Build.0 = Release|Any CPU
	EndGlobalSection
	GlobalSection(SolutionProperties) = preSolution
		HideSolutionNode = FALSE
	EndGlobalSection
	GlobalSection(ExtensibilityGlobals) = postSolution
		SolutionGuid = {7D5C6158-03D1-4D55-B668-EF29D73A8406}
	EndGlobalSection
EndGlobal
