
Microsoft Visual Studio Solution File, Format Version 12.00
# Visual Studio Version 16
VisualStudioVersion = 16.0.29306.81
MinimumVisualStudioVersion = 10.0.40219.1
Project("{FAE04EC0-301F-11D3-BF4B-00C04F79EFBC}") = "GreenFox inheritance exercise", "GreenFox inheritance exercise.csproj", "{AB3991BB-D193-43D3-A98B-F83BEE9E3764}"
EndProject
Global
	GlobalSection(SolutionConfigurationPlatforms) = preSolution
		Debug|Any CPU = Debug|Any CPU
		Release|Any CPU = Release|Any CPU
	EndGlobalSection
	GlobalSection(ProjectConfigurationPlatforms) = postSolution
		{AB3991BB-D193-43D3-A98B-F83BEE9E3764}.Debug|Any CPU.ActiveCfg = Debug|Any CPU
		{AB3991BB-D193-43D3-A98B-F83BEE9E3764}.Debug|Any CPU.Build.0 = Debug|Any CPU
		{AB3991BB-D193-43D3-A98B-F83BEE9E3764}.Release|Any CPU.ActiveCfg = Release|Any CPU
		{AB3991BB-D193-43D3-A98B-F83BEE9E3764}.Release|Any CPU.Build.0 = Release|Any CPU
	EndGlobalSection
	GlobalSection(SolutionProperties) = preSolution
		HideSolutionNode = FALSE
	EndGlobalSection
	GlobalSection(ExtensibilityGlobals) = postSolution
		SolutionGuid = {0D4F257C-C725-458A-BA16-EA900E577C64}
	EndGlobalSection
EndGlobal
