
Microsoft Visual Studio Solution File, Format Version 12.00
# Visual Studio Version 16
VisualStudioVersion = 16.0.29306.81
MinimumVisualStudioVersion = 10.0.40219.1
Project("{FAE04EC0-301F-11D3-BF4B-00C04F79EFBC}") = "Power", "Power.csproj", "{DA3C4B8E-3E46-4DAD-88E6-1D7F1D50B56F}"
EndProject
Global
	GlobalSection(SolutionConfigurationPlatforms) = preSolution
		Debug|Any CPU = Debug|Any CPU
		Release|Any CPU = Release|Any CPU
	EndGlobalSection
	GlobalSection(ProjectConfigurationPlatforms) = postSolution
		{DA3C4B8E-3E46-4DAD-88E6-1D7F1D50B56F}.Debug|Any CPU.ActiveCfg = Debug|Any CPU
		{DA3C4B8E-3E46-4DAD-88E6-1D7F1D50B56F}.Debug|Any CPU.Build.0 = Debug|Any CPU
		{DA3C4B8E-3E46-4DAD-88E6-1D7F1D50B56F}.Release|Any CPU.ActiveCfg = Release|Any CPU
		{DA3C4B8E-3E46-4DAD-88E6-1D7F1D50B56F}.Release|Any CPU.Build.0 = Release|Any CPU
	EndGlobalSection
	GlobalSection(SolutionProperties) = preSolution
		HideSolutionNode = FALSE
	EndGlobalSection
	GlobalSection(ExtensibilityGlobals) = postSolution
		SolutionGuid = {CDF5C625-D92B-4213-8AFF-20742C51EF95}
	EndGlobalSection
EndGlobal
